
Microsoft Visual Studio Solution File, Format Version 12.00
# Visual Studio Version 17
VisualStudioVersion = 17.2.32408.312
MinimumVisualStudioVersion = 10.0.40219.1
Project("{FAE04EC0-301F-11D3-BF4B-00C04F79EFBC}") = "Gamers8.Api", "Gamers8.Api\Gamers8.Api.csproj", "{02D993B3-16B8-4EE2-830F-23A69617C1E3}"
EndProject
Project("{FAE04EC0-301F-11D3-BF4B-00C04F79EFBC}") = "Gamers8.Core", "Gamers8.Core\Gamers8.Core.csproj", "{395F2894-C98F-43DE-B81B-DCB42002BAF9}"
EndProject
Project("{FAE04EC0-301F-11D3-BF4B-00C04F79EFBC}") = "Gamers8.Infrastructure", "Gamers8.Infrastructure\Gamers8.Infrastructure.csproj", "{64F568E6-DABA-4255-BAA1-DD1EEBA83434}"
EndProject
Global
	GlobalSection(SolutionConfigurationPlatforms) = preSolution
		Debug|Any CPU = Debug|Any CPU
		Release|Any CPU = Release|Any CPU
	EndGlobalSection
	GlobalSection(ProjectConfigurationPlatforms) = postSolution
		{02D993B3-16B8-4EE2-830F-23A69617C1E3}.Debug|Any CPU.ActiveCfg = Debug|Any CPU
		{02D993B3-16B8-4EE2-830F-23A69617C1E3}.Debug|Any CPU.Build.0 = Debug|Any CPU
		{02D993B3-16B8-4EE2-830F-23A69617C1E3}.Release|Any CPU.ActiveCfg = Release|Any CPU
		{02D993B3-16B8-4EE2-830F-23A69617C1E3}.Release|Any CPU.Build.0 = Release|Any CPU
		{395F2894-C98F-43DE-B81B-DCB42002BAF9}.Debug|Any CPU.ActiveCfg = Debug|Any CPU
		{395F2894-C98F-43DE-B81B-DCB42002BAF9}.Debug|Any CPU.Build.0 = Debug|Any CPU
		{395F2894-C98F-43DE-B81B-DCB42002BAF9}.Release|Any CPU.ActiveCfg = Release|Any CPU
		{395F2894-C98F-43DE-B81B-DCB42002BAF9}.Release|Any CPU.Build.0 = Release|Any CPU
		{64F568E6-DABA-4255-BAA1-DD1EEBA83434}.Debug|Any CPU.ActiveCfg = Debug|Any CPU
		{64F568E6-DABA-4255-BAA1-DD1EEBA83434}.Debug|Any CPU.Build.0 = Debug|Any CPU
		{64F568E6-DABA-4255-BAA1-DD1EEBA83434}.Release|Any CPU.ActiveCfg = Release|Any CPU
		{64F568E6-DABA-4255-BAA1-DD1EEBA83434}.Release|Any CPU.Build.0 = Release|Any CPU
	EndGlobalSection
	GlobalSection(SolutionProperties) = preSolution
		HideSolutionNode = FALSE
	EndGlobalSection
	GlobalSection(ExtensibilityGlobals) = postSolution
		SolutionGuid = {DBB54441-05C9-465D-8D6A-912E9A244C23}
	EndGlobalSection
EndGlobal
